
Microsoft Visual Studio Solution File, Format Version 12.00
# Visual Studio 15
VisualStudioVersion = 15.0.28307.168
MinimumVisualStudioVersion = 10.0.40219.1
Project("{FAE04EC0-301F-11D3-BF4B-00C04F79EFBC}") = "GroupTestStudentAPI", "GroupTestStudentAPI\GroupTestStudentAPI.csproj", "{17E2021E-5214-4848-A238-4940DD618076}"
EndProject
Project("{FAE04EC0-301F-11D3-BF4B-00C04F79EFBC}") = "GroupTestStudentAPI_Tests", "GroupTestStudentAPI_Tests\GroupTestStudentAPI_Tests.csproj", "{ED0969E8-0761-478F-8326-1F87F27F9A72}"
EndProject
Global
	GlobalSection(SolutionConfigurationPlatforms) = preSolution
		Debug|Any CPU = Debug|Any CPU
		Release|Any CPU = Release|Any CPU
	EndGlobalSection
	GlobalSection(ProjectConfigurationPlatforms) = postSolution
		{17E2021E-5214-4848-A238-4940DD618076}.Debug|Any CPU.ActiveCfg = Debug|Any CPU
		{17E2021E-5214-4848-A238-4940DD618076}.Debug|Any CPU.Build.0 = Debug|Any CPU
		{17E2021E-5214-4848-A238-4940DD618076}.Release|Any CPU.ActiveCfg = Release|Any CPU
		{17E2021E-5214-4848-A238-4940DD618076}.Release|Any CPU.Build.0 = Release|Any CPU
		{ED0969E8-0761-478F-8326-1F87F27F9A72}.Debug|Any CPU.ActiveCfg = Debug|Any CPU
		{ED0969E8-0761-478F-8326-1F87F27F9A72}.Debug|Any CPU.Build.0 = Debug|Any CPU
		{ED0969E8-0761-478F-8326-1F87F27F9A72}.Release|Any CPU.ActiveCfg = Release|Any CPU
		{ED0969E8-0761-478F-8326-1F87F27F9A72}.Release|Any CPU.Build.0 = Release|Any CPU
	EndGlobalSection
	GlobalSection(SolutionProperties) = preSolution
		HideSolutionNode = FALSE
	EndGlobalSection
	GlobalSection(ExtensibilityGlobals) = postSolution
		SolutionGuid = {E8EE8E31-75F6-4164-8E56-829A9B9C5C73}
	EndGlobalSection
EndGlobal
